
Microsoft Visual Studio Solution File, Format Version 12.00
# Visual Studio Version 17
VisualStudioVersion = 17.4.33103.184
MinimumVisualStudioVersion = 10.0.40219.1
Project("{FAE04EC0-301F-11D3-BF4B-00C04F79EFBC}") = "MVCAppWithWindowsAuth", "MVCAppWithWindowsAuth\MVCAppWithWindowsAuth.csproj", "{2AD9C4DD-96F8-47E0-A87A-2F3E6C66ED37}"
EndProject
Global
	GlobalSection(SolutionConfigurationPlatforms) = preSolution
		Debug|Any CPU = Debug|Any CPU
		Release|Any CPU = Release|Any CPU
	EndGlobalSection
	GlobalSection(ProjectConfigurationPlatforms) = postSolution
		{2AD9C4DD-96F8-47E0-A87A-2F3E6C66ED37}.Debug|Any CPU.ActiveCfg = Debug|Any CPU
		{2AD9C4DD-96F8-47E0-A87A-2F3E6C66ED37}.Debug|Any CPU.Build.0 = Debug|Any CPU
		{2AD9C4DD-96F8-47E0-A87A-2F3E6C66ED37}.Release|Any CPU.ActiveCfg = Release|Any CPU
		{2AD9C4DD-96F8-47E0-A87A-2F3E6C66ED37}.Release|Any CPU.Build.0 = Release|Any CPU
	EndGlobalSection
	GlobalSection(SolutionProperties) = preSolution
		HideSolutionNode = FALSE
	EndGlobalSection
	GlobalSection(ExtensibilityGlobals) = postSolution
		SolutionGuid = {39C256F3-2EEF-483A-9085-EF2D03EA64A9}
	EndGlobalSection
EndGlobal
